
Microsoft Visual Studio Solution File, Format Version 12.00
# Visual Studio Version 16
VisualStudioVersion = 16.0.30611.23
MinimumVisualStudioVersion = 10.0.40219.1
Project("{FAE04EC0-301F-11D3-BF4B-00C04F79EFBC}") = "egiht", "egiht\egiht.csproj", "{BFEFCCB0-BBF5-47C7-9792-6961CC88DC68}"
EndProject
Global
	GlobalSection(SolutionConfigurationPlatforms) = preSolution
		Debug|Any CPU = Debug|Any CPU
		Release|Any CPU = Release|Any CPU
	EndGlobalSection
	GlobalSection(ProjectConfigurationPlatforms) = postSolution
		{BFEFCCB0-BBF5-47C7-9792-6961CC88DC68}.Debug|Any CPU.ActiveCfg = Debug|Any CPU
		{BFEFCCB0-BBF5-47C7-9792-6961CC88DC68}.Debug|Any CPU.Build.0 = Debug|Any CPU
		{BFEFCCB0-BBF5-47C7-9792-6961CC88DC68}.Release|Any CPU.ActiveCfg = Release|Any CPU
		{BFEFCCB0-BBF5-47C7-9792-6961CC88DC68}.Release|Any CPU.Build.0 = Release|Any CPU
	EndGlobalSection
	GlobalSection(SolutionProperties) = preSolution
		HideSolutionNode = FALSE
	EndGlobalSection
	GlobalSection(ExtensibilityGlobals) = postSolution
		SolutionGuid = {FA31387D-0353-425B-B184-D39380521C23}
	EndGlobalSection
EndGlobal
