
Microsoft Visual Studio Solution File, Format Version 12.00
# Visual Studio Version 16
VisualStudioVersion = 16.0.30611.23
MinimumVisualStudioVersion = 10.0.40219.1
Project("{FAE04EC0-301F-11D3-BF4B-00C04F79EFBC}") = "13 - OOP", "13 - OOP\13 - OOP.csproj", "{94604814-9F8C-4948-A91C-6172CFB1FF3C}"
EndProject
Global
	GlobalSection(SolutionConfigurationPlatforms) = preSolution
		Debug|Any CPU = Debug|Any CPU
		Release|Any CPU = Release|Any CPU
	EndGlobalSection
	GlobalSection(ProjectConfigurationPlatforms) = postSolution
		{94604814-9F8C-4948-A91C-6172CFB1FF3C}.Debug|Any CPU.ActiveCfg = Debug|Any CPU
		{94604814-9F8C-4948-A91C-6172CFB1FF3C}.Debug|Any CPU.Build.0 = Debug|Any CPU
		{94604814-9F8C-4948-A91C-6172CFB1FF3C}.Release|Any CPU.ActiveCfg = Release|Any CPU
		{94604814-9F8C-4948-A91C-6172CFB1FF3C}.Release|Any CPU.Build.0 = Release|Any CPU
	EndGlobalSection
	GlobalSection(SolutionProperties) = preSolution
		HideSolutionNode = FALSE
	EndGlobalSection
	GlobalSection(ExtensibilityGlobals) = postSolution
		SolutionGuid = {A3ECF8AA-1EBD-4EFA-B673-4D80D29BA283}
	EndGlobalSection
EndGlobal
