
Microsoft Visual Studio Solution File, Format Version 12.00
# Visual Studio Version 16
VisualStudioVersion = 16.0.30611.23
MinimumVisualStudioVersion = 10.0.40219.1
Project("{FAE04EC0-301F-11D3-BF4B-00C04F79EFBC}") = "something 4", "something 4\something 4.csproj", "{FAF7170D-6DCB-4032-BFE5-F7A1B53778F5}"
EndProject
Global
	GlobalSection(SolutionConfigurationPlatforms) = preSolution
		Debug|Any CPU = Debug|Any CPU
		Release|Any CPU = Release|Any CPU
	EndGlobalSection
	GlobalSection(ProjectConfigurationPlatforms) = postSolution
		{FAF7170D-6DCB-4032-BFE5-F7A1B53778F5}.Debug|Any CPU.ActiveCfg = Debug|Any CPU
		{FAF7170D-6DCB-4032-BFE5-F7A1B53778F5}.Debug|Any CPU.Build.0 = Debug|Any CPU
		{FAF7170D-6DCB-4032-BFE5-F7A1B53778F5}.Release|Any CPU.ActiveCfg = Release|Any CPU
		{FAF7170D-6DCB-4032-BFE5-F7A1B53778F5}.Release|Any CPU.Build.0 = Release|Any CPU
	EndGlobalSection
	GlobalSection(SolutionProperties) = preSolution
		HideSolutionNode = FALSE
	EndGlobalSection
	GlobalSection(ExtensibilityGlobals) = postSolution
		SolutionGuid = {B44DB1D4-C58C-41E1-9D16-2BDC39234DD4}
	EndGlobalSection
EndGlobal
