
Microsoft Visual Studio Solution File, Format Version 12.00
# Visual Studio Version 16
VisualStudioVersion = 16.0.30611.23
MinimumVisualStudioVersion = 10.0.40219.1
Project("{FAE04EC0-301F-11D3-BF4B-00C04F79EFBC}") = "seven", "seven\seven.csproj", "{04DD39F8-D997-4E8F-AB2C-FC5B2CE5668B}"
EndProject
Global
	GlobalSection(SolutionConfigurationPlatforms) = preSolution
		Debug|Any CPU = Debug|Any CPU
		Release|Any CPU = Release|Any CPU
	EndGlobalSection
	GlobalSection(ProjectConfigurationPlatforms) = postSolution
		{04DD39F8-D997-4E8F-AB2C-FC5B2CE5668B}.Debug|Any CPU.ActiveCfg = Debug|Any CPU
		{04DD39F8-D997-4E8F-AB2C-FC5B2CE5668B}.Debug|Any CPU.Build.0 = Debug|Any CPU
		{04DD39F8-D997-4E8F-AB2C-FC5B2CE5668B}.Release|Any CPU.ActiveCfg = Release|Any CPU
		{04DD39F8-D997-4E8F-AB2C-FC5B2CE5668B}.Release|Any CPU.Build.0 = Release|Any CPU
	EndGlobalSection
	GlobalSection(SolutionProperties) = preSolution
		HideSolutionNode = FALSE
	EndGlobalSection
	GlobalSection(ExtensibilityGlobals) = postSolution
		SolutionGuid = {AFD5C93D-CF99-4154-AFEF-49B709FF48C2}
	EndGlobalSection
EndGlobal
