
Microsoft Visual Studio Solution File, Format Version 12.00
# Visual Studio Version 16
VisualStudioVersion = 16.0.30717.126
MinimumVisualStudioVersion = 10.0.40219.1
Project("{FAE04EC0-301F-11D3-BF4B-00C04F79EFBC}") = "01_ProblemWithFunctionalityCoding", "01_ProblemWithFunctionalityCoding\01_ProblemWithFunctionalityCoding.csproj", "{13EE7D39-84A6-4A33-97C5-7D431A9CD55D}"
EndProject
Project("{FAE04EC0-301F-11D3-BF4B-00C04F79EFBC}") = "MyMathLib", "MyMathLib\MyMathLib.csproj", "{F4FF70F4-B5A7-48ED-99B1-8AEBADB2B10C}"
EndProject
Global
	GlobalSection(SolutionConfigurationPlatforms) = preSolution
		Debug|Any CPU = Debug|Any CPU
		Release|Any CPU = Release|Any CPU
	EndGlobalSection
	GlobalSection(ProjectConfigurationPlatforms) = postSolution
		{13EE7D39-84A6-4A33-97C5-7D431A9CD55D}.Debug|Any CPU.ActiveCfg = Debug|Any CPU
		{13EE7D39-84A6-4A33-97C5-7D431A9CD55D}.Debug|Any CPU.Build.0 = Debug|Any CPU
		{13EE7D39-84A6-4A33-97C5-7D431A9CD55D}.Release|Any CPU.ActiveCfg = Release|Any CPU
		{13EE7D39-84A6-4A33-97C5-7D431A9CD55D}.Release|Any CPU.Build.0 = Release|Any CPU
		{F4FF70F4-B5A7-48ED-99B1-8AEBADB2B10C}.Debug|Any CPU.ActiveCfg = Debug|Any CPU
		{F4FF70F4-B5A7-48ED-99B1-8AEBADB2B10C}.Debug|Any CPU.Build.0 = Debug|Any CPU
		{F4FF70F4-B5A7-48ED-99B1-8AEBADB2B10C}.Release|Any CPU.ActiveCfg = Release|Any CPU
		{F4FF70F4-B5A7-48ED-99B1-8AEBADB2B10C}.Release|Any CPU.Build.0 = Release|Any CPU
	EndGlobalSection
	GlobalSection(SolutionProperties) = preSolution
		HideSolutionNode = FALSE
	EndGlobalSection
	GlobalSection(ExtensibilityGlobals) = postSolution
		SolutionGuid = {A61AEA5B-69A6-481D-B7B1-673997F72CCE}
	EndGlobalSection
EndGlobal
