
Microsoft Visual Studio Solution File, Format Version 12.00
# Visual Studio Version 16
VisualStudioVersion = 16.0.31005.135
MinimumVisualStudioVersion = 10.0.40219.1
Project("{FAE04EC0-301F-11D3-BF4B-00C04F79EFBC}") = "01_Problem", "01_Problem\01_Problem.csproj", "{2FDBC34C-ED79-4561-AE37-C6C04956F00B}"
EndProject
Project("{FAE04EC0-301F-11D3-BF4B-00C04F79EFBC}") = "MyMathLib", "MyMathLib\MyMathLib.csproj", "{94518C88-DC49-41FB-B8ED-08A47AD65C76}"
EndProject
Global
	GlobalSection(SolutionConfigurationPlatforms) = preSolution
		Debug|Any CPU = Debug|Any CPU
		Release|Any CPU = Release|Any CPU
	EndGlobalSection
	GlobalSection(ProjectConfigurationPlatforms) = postSolution
		{2FDBC34C-ED79-4561-AE37-C6C04956F00B}.Debug|Any CPU.ActiveCfg = Debug|Any CPU
		{2FDBC34C-ED79-4561-AE37-C6C04956F00B}.Debug|Any CPU.Build.0 = Debug|Any CPU
		{2FDBC34C-ED79-4561-AE37-C6C04956F00B}.Release|Any CPU.ActiveCfg = Release|Any CPU
		{2FDBC34C-ED79-4561-AE37-C6C04956F00B}.Release|Any CPU.Build.0 = Release|Any CPU
		{94518C88-DC49-41FB-B8ED-08A47AD65C76}.Debug|Any CPU.ActiveCfg = Debug|Any CPU
		{94518C88-DC49-41FB-B8ED-08A47AD65C76}.Debug|Any CPU.Build.0 = Debug|Any CPU
		{94518C88-DC49-41FB-B8ED-08A47AD65C76}.Release|Any CPU.ActiveCfg = Release|Any CPU
		{94518C88-DC49-41FB-B8ED-08A47AD65C76}.Release|Any CPU.Build.0 = Release|Any CPU
	EndGlobalSection
	GlobalSection(SolutionProperties) = preSolution
		HideSolutionNode = FALSE
	EndGlobalSection
	GlobalSection(ExtensibilityGlobals) = postSolution
		SolutionGuid = {A7587A89-167B-49E7-90E8-2B72BF0AF25B}
	EndGlobalSection
EndGlobal
