
Microsoft Visual Studio Solution File, Format Version 12.00
# Visual Studio Version 16
VisualStudioVersion = 16.0.30611.23
MinimumVisualStudioVersion = 10.0.40219.1
Project("{FAE04EC0-301F-11D3-BF4B-00C04F79EFBC}") = "something 11", "something 11\something 11.csproj", "{E5BDBBE5-2C70-44EF-9CEE-556416FB399B}"
EndProject
Global
	GlobalSection(SolutionConfigurationPlatforms) = preSolution
		Debug|Any CPU = Debug|Any CPU
		Release|Any CPU = Release|Any CPU
	EndGlobalSection
	GlobalSection(ProjectConfigurationPlatforms) = postSolution
		{E5BDBBE5-2C70-44EF-9CEE-556416FB399B}.Debug|Any CPU.ActiveCfg = Debug|Any CPU
		{E5BDBBE5-2C70-44EF-9CEE-556416FB399B}.Debug|Any CPU.Build.0 = Debug|Any CPU
		{E5BDBBE5-2C70-44EF-9CEE-556416FB399B}.Release|Any CPU.ActiveCfg = Release|Any CPU
		{E5BDBBE5-2C70-44EF-9CEE-556416FB399B}.Release|Any CPU.Build.0 = Release|Any CPU
	EndGlobalSection
	GlobalSection(SolutionProperties) = preSolution
		HideSolutionNode = FALSE
	EndGlobalSection
	GlobalSection(ExtensibilityGlobals) = postSolution
		SolutionGuid = {A18D5EE6-D910-4922-943C-E37EC7025818}
	EndGlobalSection
EndGlobal
