
Microsoft Visual Studio Solution File, Format Version 12.00
# Visual Studio Version 16
VisualStudioVersion = 16.0.30611.23
MinimumVisualStudioVersion = 10.0.40219.1
Project("{FAE04EC0-301F-11D3-BF4B-00C04F79EFBC}") = "something 6", "something 6\something 6.csproj", "{FEA05EB3-506B-44F2-BC8B-832B20C7BF79}"
EndProject
Global
	GlobalSection(SolutionConfigurationPlatforms) = preSolution
		Debug|Any CPU = Debug|Any CPU
		Release|Any CPU = Release|Any CPU
	EndGlobalSection
	GlobalSection(ProjectConfigurationPlatforms) = postSolution
		{FEA05EB3-506B-44F2-BC8B-832B20C7BF79}.Debug|Any CPU.ActiveCfg = Debug|Any CPU
		{FEA05EB3-506B-44F2-BC8B-832B20C7BF79}.Debug|Any CPU.Build.0 = Debug|Any CPU
		{FEA05EB3-506B-44F2-BC8B-832B20C7BF79}.Release|Any CPU.ActiveCfg = Release|Any CPU
		{FEA05EB3-506B-44F2-BC8B-832B20C7BF79}.Release|Any CPU.Build.0 = Release|Any CPU
	EndGlobalSection
	GlobalSection(SolutionProperties) = preSolution
		HideSolutionNode = FALSE
	EndGlobalSection
	GlobalSection(ExtensibilityGlobals) = postSolution
		SolutionGuid = {BEEB57AD-607C-46E7-818A-DDA4152FAEDB}
	EndGlobalSection
EndGlobal
