
Microsoft Visual Studio Solution File, Format Version 12.00
# Visual Studio Version 16
VisualStudioVersion = 16.0.30611.23
MinimumVisualStudioVersion = 10.0.40219.1
Project("{FAE04EC0-301F-11D3-BF4B-00C04F79EFBC}") = "something 1", "something 1\something 1.csproj", "{6F271D32-E13F-4379-B6D0-25AD282774B1}"
EndProject
Global
	GlobalSection(SolutionConfigurationPlatforms) = preSolution
		Debug|Any CPU = Debug|Any CPU
		Release|Any CPU = Release|Any CPU
	EndGlobalSection
	GlobalSection(ProjectConfigurationPlatforms) = postSolution
		{6F271D32-E13F-4379-B6D0-25AD282774B1}.Debug|Any CPU.ActiveCfg = Debug|Any CPU
		{6F271D32-E13F-4379-B6D0-25AD282774B1}.Debug|Any CPU.Build.0 = Debug|Any CPU
		{6F271D32-E13F-4379-B6D0-25AD282774B1}.Release|Any CPU.ActiveCfg = Release|Any CPU
		{6F271D32-E13F-4379-B6D0-25AD282774B1}.Release|Any CPU.Build.0 = Release|Any CPU
	EndGlobalSection
	GlobalSection(SolutionProperties) = preSolution
		HideSolutionNode = FALSE
	EndGlobalSection
	GlobalSection(ExtensibilityGlobals) = postSolution
		SolutionGuid = {D5A0D566-452F-4CAD-86F3-7AE08F698976}
	EndGlobalSection
EndGlobal
