
Microsoft Visual Studio Solution File, Format Version 12.00
# Visual Studio Version 16
VisualStudioVersion = 16.0.30611.23
MinimumVisualStudioVersion = 10.0.40219.1
Project("{FAE04EC0-301F-11D3-BF4B-00C04F79EFBC}") = "something 9", "something 9\something 9.csproj", "{D9CDA7B3-80EE-4CA2-8EC3-F31B3E3E84FE}"
EndProject
Global
	GlobalSection(SolutionConfigurationPlatforms) = preSolution
		Debug|Any CPU = Debug|Any CPU
		Release|Any CPU = Release|Any CPU
	EndGlobalSection
	GlobalSection(ProjectConfigurationPlatforms) = postSolution
		{D9CDA7B3-80EE-4CA2-8EC3-F31B3E3E84FE}.Debug|Any CPU.ActiveCfg = Debug|Any CPU
		{D9CDA7B3-80EE-4CA2-8EC3-F31B3E3E84FE}.Debug|Any CPU.Build.0 = Debug|Any CPU
		{D9CDA7B3-80EE-4CA2-8EC3-F31B3E3E84FE}.Release|Any CPU.ActiveCfg = Release|Any CPU
		{D9CDA7B3-80EE-4CA2-8EC3-F31B3E3E84FE}.Release|Any CPU.Build.0 = Release|Any CPU
	EndGlobalSection
	GlobalSection(SolutionProperties) = preSolution
		HideSolutionNode = FALSE
	EndGlobalSection
	GlobalSection(ExtensibilityGlobals) = postSolution
		SolutionGuid = {6BC831A5-CE63-4DBA-982F-0FFC1C6B19EC}
	EndGlobalSection
EndGlobal
