
Microsoft Visual Studio Solution File, Format Version 12.00
# Visual Studio Version 16
VisualStudioVersion = 16.0.30523.141
MinimumVisualStudioVersion = 10.0.40219.1
Project("{FAE04EC0-301F-11D3-BF4B-00C04F79EFBC}") = "four", "four\four.csproj", "{B6FBDE0D-7415-414A-B6F5-FD9970723C25}"
EndProject
Global
	GlobalSection(SolutionConfigurationPlatforms) = preSolution
		Debug|Any CPU = Debug|Any CPU
		Release|Any CPU = Release|Any CPU
	EndGlobalSection
	GlobalSection(ProjectConfigurationPlatforms) = postSolution
		{B6FBDE0D-7415-414A-B6F5-FD9970723C25}.Debug|Any CPU.ActiveCfg = Debug|Any CPU
		{B6FBDE0D-7415-414A-B6F5-FD9970723C25}.Debug|Any CPU.Build.0 = Debug|Any CPU
		{B6FBDE0D-7415-414A-B6F5-FD9970723C25}.Release|Any CPU.ActiveCfg = Release|Any CPU
		{B6FBDE0D-7415-414A-B6F5-FD9970723C25}.Release|Any CPU.Build.0 = Release|Any CPU
	EndGlobalSection
	GlobalSection(SolutionProperties) = preSolution
		HideSolutionNode = FALSE
	EndGlobalSection
	GlobalSection(ExtensibilityGlobals) = postSolution
		SolutionGuid = {A967DDEF-38C6-46DD-931A-67AC6C241341}
	EndGlobalSection
EndGlobal
