
Microsoft Visual Studio Solution File, Format Version 12.00
# Visual Studio Version 16
VisualStudioVersion = 16.0.30611.23
MinimumVisualStudioVersion = 10.0.40219.1
Project("{FAE04EC0-301F-11D3-BF4B-00C04F79EFBC}") = "six", "six\six.csproj", "{093F2D37-DC7C-410E-8DFF-738C74A0B844}"
EndProject
Global
	GlobalSection(SolutionConfigurationPlatforms) = preSolution
		Debug|Any CPU = Debug|Any CPU
		Release|Any CPU = Release|Any CPU
	EndGlobalSection
	GlobalSection(ProjectConfigurationPlatforms) = postSolution
		{093F2D37-DC7C-410E-8DFF-738C74A0B844}.Debug|Any CPU.ActiveCfg = Debug|Any CPU
		{093F2D37-DC7C-410E-8DFF-738C74A0B844}.Debug|Any CPU.Build.0 = Debug|Any CPU
		{093F2D37-DC7C-410E-8DFF-738C74A0B844}.Release|Any CPU.ActiveCfg = Release|Any CPU
		{093F2D37-DC7C-410E-8DFF-738C74A0B844}.Release|Any CPU.Build.0 = Release|Any CPU
	EndGlobalSection
	GlobalSection(SolutionProperties) = preSolution
		HideSolutionNode = FALSE
	EndGlobalSection
	GlobalSection(ExtensibilityGlobals) = postSolution
		SolutionGuid = {769AEFEF-BDF8-4A29-B05E-B26EF44E4BF9}
	EndGlobalSection
EndGlobal
