
Microsoft Visual Studio Solution File, Format Version 12.00
# Visual Studio Version 16
VisualStudioVersion = 16.0.30611.23
MinimumVisualStudioVersion = 10.0.40219.1
Project("{FAE04EC0-301F-11D3-BF4B-00C04F79EFBC}") = "one7", "one7\one7.csproj", "{DF423C87-62F0-4DDA-9712-EFDED307D147}"
EndProject
Global
	GlobalSection(SolutionConfigurationPlatforms) = preSolution
		Debug|Any CPU = Debug|Any CPU
		Release|Any CPU = Release|Any CPU
	EndGlobalSection
	GlobalSection(ProjectConfigurationPlatforms) = postSolution
		{DF423C87-62F0-4DDA-9712-EFDED307D147}.Debug|Any CPU.ActiveCfg = Debug|Any CPU
		{DF423C87-62F0-4DDA-9712-EFDED307D147}.Debug|Any CPU.Build.0 = Debug|Any CPU
		{DF423C87-62F0-4DDA-9712-EFDED307D147}.Release|Any CPU.ActiveCfg = Release|Any CPU
		{DF423C87-62F0-4DDA-9712-EFDED307D147}.Release|Any CPU.Build.0 = Release|Any CPU
	EndGlobalSection
	GlobalSection(SolutionProperties) = preSolution
		HideSolutionNode = FALSE
	EndGlobalSection
	GlobalSection(ExtensibilityGlobals) = postSolution
		SolutionGuid = {66535BE4-B6FA-4200-9855-DF41169B1D56}
	EndGlobalSection
EndGlobal
